
Microsoft Visual Studio Solution File, Format Version 12.00
# Visual Studio Version 16
VisualStudioVersion = 16.0.29509.3
MinimumVisualStudioVersion = 10.0.40219.1
Project("{8BC9CEB8-8B4A-11D0-8D11-00A0C91BC942}") = "cpputils_sockets_all", "cpputils_sockets_all.vcxproj", "{F1238E65-69FA-4B5D-996D-6ED48ECE4B64}"
EndProject
Project("{2150E333-8FDC-42A3-9474-1A3956D46DE8}") = "projects", "projects", "{9EECEEE8-9124-4794-BAD1-8A3BB535D85D}"
EndProject
Project("{2150E333-8FDC-42A3-9474-1A3956D46DE8}") = "tests", "tests", "{B807D8ED-59F8-4F2E-ABF3-558D0C53E8C6}"
EndProject
Project("{8BC9CEB8-8B4A-11D0-8D11-00A0C91BC942}") = "any_quick_test", "..\..\prj\tests\any_quick_test_vs\any_quick_test.vcxproj", "{8A07C67A-537F-4400-B822-2D943A76D8EA}"
	ProjectSection(ProjectDependencies) = postProject
		{F1238E65-69FA-4B5D-996D-6ED48ECE4B64} = {F1238E65-69FA-4B5D-996D-6ED48ECE4B64}
	EndProjectSection
EndProject
Project("{8BC9CEB8-8B4A-11D0-8D11-00A0C91BC942}") = "tcp_client_test", "..\..\prj\tests\tcp_client_test_vs\tcp_client_test.vcxproj", "{90F16DD3-2EB5-42B0-BFF9-88144338D6EE}"
	ProjectSection(ProjectDependencies) = postProject
		{F1238E65-69FA-4B5D-996D-6ED48ECE4B64} = {F1238E65-69FA-4B5D-996D-6ED48ECE4B64}
	EndProjectSection
EndProject
Project("{8BC9CEB8-8B4A-11D0-8D11-00A0C91BC942}") = "tcp_server_test", "..\..\prj\tests\tcp_server_test_vs\tcp_server_test.vcxproj", "{DFC222FD-933D-4897-AD26-1ED406F6E7D8}"
	ProjectSection(ProjectDependencies) = postProject
		{F1238E65-69FA-4B5D-996D-6ED48ECE4B64} = {F1238E65-69FA-4B5D-996D-6ED48ECE4B64}
	EndProjectSection
EndProject
Project("{8BC9CEB8-8B4A-11D0-8D11-00A0C91BC942}") = "cppsockets_unit_test", "..\..\prj\tests\cppsockets_unit_test_mult\cppsockets_unit_test.vcxproj", "{E6F8B6C2-4CA9-4B3A-9A00-83D011DE88FA}"
	ProjectSection(ProjectDependencies) = postProject
		{F1238E65-69FA-4B5D-996D-6ED48ECE4B64} = {F1238E65-69FA-4B5D-996D-6ED48ECE4B64}
	EndProjectSection
EndProject
Global
	GlobalSection(SolutionConfigurationPlatforms) = preSolution
		Debug|ARM = Debug|ARM
		Debug|ARM64 = Debug|ARM64
		Debug|x64 = Debug|x64
		Debug|x86 = Debug|x86
		Release|ARM = Release|ARM
		Release|ARM64 = Release|ARM64
		Release|x64 = Release|x64
		Release|x86 = Release|x86
	EndGlobalSection
	GlobalSection(ProjectConfigurationPlatforms) = postSolution
		{F1238E65-69FA-4B5D-996D-6ED48ECE4B64}.Debug|ARM.ActiveCfg = Debug|ARM
		{F1238E65-69FA-4B5D-996D-6ED48ECE4B64}.Debug|ARM.Build.0 = Debug|ARM
		{F1238E65-69FA-4B5D-996D-6ED48ECE4B64}.Debug|ARM64.ActiveCfg = Debug|ARM64
		{F1238E65-69FA-4B5D-996D-6ED48ECE4B64}.Debug|ARM64.Build.0 = Debug|ARM64
		{F1238E65-69FA-4B5D-996D-6ED48ECE4B64}.Debug|x64.ActiveCfg = Debug|x64
		{F1238E65-69FA-4B5D-996D-6ED48ECE4B64}.Debug|x64.Build.0 = Debug|x64
		{F1238E65-69FA-4B5D-996D-6ED48ECE4B64}.Debug|x86.ActiveCfg = Debug|Win32
		{F1238E65-69FA-4B5D-996D-6ED48ECE4B64}.Debug|x86.Build.0 = Debug|Win32
		{F1238E65-69FA-4B5D-996D-6ED48ECE4B64}.Release|ARM.ActiveCfg = Release|ARM
		{F1238E65-69FA-4B5D-996D-6ED48ECE4B64}.Release|ARM.Build.0 = Release|ARM
		{F1238E65-69FA-4B5D-996D-6ED48ECE4B64}.Release|ARM64.ActiveCfg = Release|ARM64
		{F1238E65-69FA-4B5D-996D-6ED48ECE4B64}.Release|ARM64.Build.0 = Release|ARM64
		{F1238E65-69FA-4B5D-996D-6ED48ECE4B64}.Release|x64.ActiveCfg = Release|x64
		{F1238E65-69FA-4B5D-996D-6ED48ECE4B64}.Release|x64.Build.0 = Release|x64
		{F1238E65-69FA-4B5D-996D-6ED48ECE4B64}.Release|x86.ActiveCfg = Release|Win32
		{F1238E65-69FA-4B5D-996D-6ED48ECE4B64}.Release|x86.Build.0 = Release|Win32
		{8A07C67A-537F-4400-B822-2D943A76D8EA}.Debug|ARM.ActiveCfg = Debug|ARM
		{8A07C67A-537F-4400-B822-2D943A76D8EA}.Debug|ARM.Build.0 = Debug|ARM
		{8A07C67A-537F-4400-B822-2D943A76D8EA}.Debug|ARM64.ActiveCfg = Debug|ARM64
		{8A07C67A-537F-4400-B822-2D943A76D8EA}.Debug|ARM64.Build.0 = Debug|ARM64
		{8A07C67A-537F-4400-B822-2D943A76D8EA}.Debug|x64.ActiveCfg = Debug|x64
		{8A07C67A-537F-4400-B822-2D943A76D8EA}.Debug|x64.Build.0 = Debug|x64
		{8A07C67A-537F-4400-B822-2D943A76D8EA}.Debug|x86.ActiveCfg = Debug|Win32
		{8A07C67A-537F-4400-B822-2D943A76D8EA}.Debug|x86.Build.0 = Debug|Win32
		{8A07C67A-537F-4400-B822-2D943A76D8EA}.Release|ARM.ActiveCfg = Release|ARM
		{8A07C67A-537F-4400-B822-2D943A76D8EA}.Release|ARM.Build.0 = Release|ARM
		{8A07C67A-537F-4400-B822-2D943A76D8EA}.Release|ARM64.ActiveCfg = Release|ARM64
		{8A07C67A-537F-4400-B822-2D943A76D8EA}.Release|ARM64.Build.0 = Release|ARM64
		{8A07C67A-537F-4400-B822-2D943A76D8EA}.Release|x64.ActiveCfg = Release|x64
		{8A07C67A-537F-4400-B822-2D943A76D8EA}.Release|x64.Build.0 = Release|x64
		{8A07C67A-537F-4400-B822-2D943A76D8EA}.Release|x86.ActiveCfg = Release|Win32
		{8A07C67A-537F-4400-B822-2D943A76D8EA}.Release|x86.Build.0 = Release|Win32
		{90F16DD3-2EB5-42B0-BFF9-88144338D6EE}.Debug|ARM.ActiveCfg = Debug|ARM
		{90F16DD3-2EB5-42B0-BFF9-88144338D6EE}.Debug|ARM.Build.0 = Debug|ARM
		{90F16DD3-2EB5-42B0-BFF9-88144338D6EE}.Debug|ARM64.ActiveCfg = Debug|ARM64
		{90F16DD3-2EB5-42B0-BFF9-88144338D6EE}.Debug|ARM64.Build.0 = Debug|ARM64
		{90F16DD3-2EB5-42B0-BFF9-88144338D6EE}.Debug|x64.ActiveCfg = Debug|x64
		{90F16DD3-2EB5-42B0-BFF9-88144338D6EE}.Debug|x64.Build.0 = Debug|x64
		{90F16DD3-2EB5-42B0-BFF9-88144338D6EE}.Debug|x86.ActiveCfg = Debug|Win32
		{90F16DD3-2EB5-42B0-BFF9-88144338D6EE}.Debug|x86.Build.0 = Debug|Win32
		{90F16DD3-2EB5-42B0-BFF9-88144338D6EE}.Release|ARM.ActiveCfg = Release|ARM
		{90F16DD3-2EB5-42B0-BFF9-88144338D6EE}.Release|ARM.Build.0 = Release|ARM
		{90F16DD3-2EB5-42B0-BFF9-88144338D6EE}.Release|ARM64.ActiveCfg = Release|ARM64
		{90F16DD3-2EB5-42B0-BFF9-88144338D6EE}.Release|ARM64.Build.0 = Release|ARM64
		{90F16DD3-2EB5-42B0-BFF9-88144338D6EE}.Release|x64.ActiveCfg = Release|x64
		{90F16DD3-2EB5-42B0-BFF9-88144338D6EE}.Release|x64.Build.0 = Release|x64
		{90F16DD3-2EB5-42B0-BFF9-88144338D6EE}.Release|x86.ActiveCfg = Release|Win32
		{90F16DD3-2EB5-42B0-BFF9-88144338D6EE}.Release|x86.Build.0 = Release|Win32
		{DFC222FD-933D-4897-AD26-1ED406F6E7D8}.Debug|ARM.ActiveCfg = Debug|ARM
		{DFC222FD-933D-4897-AD26-1ED406F6E7D8}.Debug|ARM.Build.0 = Debug|ARM
		{DFC222FD-933D-4897-AD26-1ED406F6E7D8}.Debug|ARM64.ActiveCfg = Debug|ARM64
		{DFC222FD-933D-4897-AD26-1ED406F6E7D8}.Debug|ARM64.Build.0 = Debug|ARM64
		{DFC222FD-933D-4897-AD26-1ED406F6E7D8}.Debug|x64.ActiveCfg = Debug|x64
		{DFC222FD-933D-4897-AD26-1ED406F6E7D8}.Debug|x64.Build.0 = Debug|x64
		{DFC222FD-933D-4897-AD26-1ED406F6E7D8}.Debug|x86.ActiveCfg = Debug|Win32
		{DFC222FD-933D-4897-AD26-1ED406F6E7D8}.Debug|x86.Build.0 = Debug|Win32
		{DFC222FD-933D-4897-AD26-1ED406F6E7D8}.Release|ARM.ActiveCfg = Release|ARM
		{DFC222FD-933D-4897-AD26-1ED406F6E7D8}.Release|ARM.Build.0 = Release|ARM
		{DFC222FD-933D-4897-AD26-1ED406F6E7D8}.Release|ARM64.ActiveCfg = Release|ARM64
		{DFC222FD-933D-4897-AD26-1ED406F6E7D8}.Release|ARM64.Build.0 = Release|ARM64
		{DFC222FD-933D-4897-AD26-1ED406F6E7D8}.Release|x64.ActiveCfg = Release|x64
		{DFC222FD-933D-4897-AD26-1ED406F6E7D8}.Release|x64.Build.0 = Release|x64
		{DFC222FD-933D-4897-AD26-1ED406F6E7D8}.Release|x86.ActiveCfg = Release|Win32
		{DFC222FD-933D-4897-AD26-1ED406F6E7D8}.Release|x86.Build.0 = Release|Win32
		{E6F8B6C2-4CA9-4B3A-9A00-83D011DE88FA}.Debug|ARM.ActiveCfg = Debug|ARM
		{E6F8B6C2-4CA9-4B3A-9A00-83D011DE88FA}.Debug|ARM.Build.0 = Debug|ARM
		{E6F8B6C2-4CA9-4B3A-9A00-83D011DE88FA}.Debug|ARM64.ActiveCfg = Debug|ARM64
		{E6F8B6C2-4CA9-4B3A-9A00-83D011DE88FA}.Debug|ARM64.Build.0 = Debug|ARM64
		{E6F8B6C2-4CA9-4B3A-9A00-83D011DE88FA}.Debug|x64.ActiveCfg = Debug|x64
		{E6F8B6C2-4CA9-4B3A-9A00-83D011DE88FA}.Debug|x64.Build.0 = Debug|x64
		{E6F8B6C2-4CA9-4B3A-9A00-83D011DE88FA}.Debug|x86.ActiveCfg = Debug|Win32
		{E6F8B6C2-4CA9-4B3A-9A00-83D011DE88FA}.Debug|x86.Build.0 = Debug|Win32
		{E6F8B6C2-4CA9-4B3A-9A00-83D011DE88FA}.Release|ARM.ActiveCfg = Release|ARM
		{E6F8B6C2-4CA9-4B3A-9A00-83D011DE88FA}.Release|ARM.Build.0 = Release|ARM
		{E6F8B6C2-4CA9-4B3A-9A00-83D011DE88FA}.Release|ARM64.ActiveCfg = Release|ARM64
		{E6F8B6C2-4CA9-4B3A-9A00-83D011DE88FA}.Release|ARM64.Build.0 = Release|ARM64
		{E6F8B6C2-4CA9-4B3A-9A00-83D011DE88FA}.Release|x64.ActiveCfg = Release|x64
		{E6F8B6C2-4CA9-4B3A-9A00-83D011DE88FA}.Release|x64.Build.0 = Release|x64
		{E6F8B6C2-4CA9-4B3A-9A00-83D011DE88FA}.Release|x86.ActiveCfg = Release|Win32
		{E6F8B6C2-4CA9-4B3A-9A00-83D011DE88FA}.Release|x86.Build.0 = Release|Win32
	EndGlobalSection
	GlobalSection(SolutionProperties) = preSolution
		HideSolutionNode = FALSE
	EndGlobalSection
	GlobalSection(NestedProjects) = preSolution
		{B807D8ED-59F8-4F2E-ABF3-558D0C53E8C6} = {9EECEEE8-9124-4794-BAD1-8A3BB535D85D}
		{8A07C67A-537F-4400-B822-2D943A76D8EA} = {B807D8ED-59F8-4F2E-ABF3-558D0C53E8C6}
		{90F16DD3-2EB5-42B0-BFF9-88144338D6EE} = {B807D8ED-59F8-4F2E-ABF3-558D0C53E8C6}
		{DFC222FD-933D-4897-AD26-1ED406F6E7D8} = {B807D8ED-59F8-4F2E-ABF3-558D0C53E8C6}
		{E6F8B6C2-4CA9-4B3A-9A00-83D011DE88FA} = {B807D8ED-59F8-4F2E-ABF3-558D0C53E8C6}
	EndGlobalSection
	GlobalSection(ExtensibilityGlobals) = postSolution
		SolutionGuid = {96D21DC4-91F9-4EDF-AF1F-760D166B8E61}
	EndGlobalSection
EndGlobal
